
Microsoft Visual Studio Solution File, Format Version 12.00
# Visual Studio 15
VisualStudioVersion = 15.0.28307.1433
MinimumVisualStudioVersion = 10.0.40219.1
Project("{FAE04EC0-301F-11D3-BF4B-00C04F79EFBC}") = "eRehber", "eRehber\eRehber.csproj", "{3C768D0F-9FF6-4D2E-9B79-F00D21B1167A}"
EndProject
Project("{FAE04EC0-301F-11D3-BF4B-00C04F79EFBC}") = "eRehber.BusinessLayer", "eRehber.BusinessLayer\eRehber.BusinessLayer.csproj", "{10F1040F-830E-4C6A-8EB0-28BEDA8EE03C}"
EndProject
Project("{FAE04EC0-301F-11D3-BF4B-00C04F79EFBC}") = "eRehber.Core", "eRehber.Core\eRehber.Core.csproj", "{EF2A8A6E-C331-4C73-9E44-09CB336F2108}"
EndProject
Project("{FAE04EC0-301F-11D3-BF4B-00C04F79EFBC}") = "eRehber.DataAccessLayer", "eRehber.DataAccessLayer\eRehber.DataAccessLayer.csproj", "{2A901CE2-8DAB-494F-88BD-B31D10657F3B}"
EndProject
Project("{FAE04EC0-301F-11D3-BF4B-00C04F79EFBC}") = "eRehber.Entities", "eRehber.Entities\eRehber.Entities.csproj", "{545CBC0E-CA9D-4104-9FA4-FBAC03A0DE89}"
EndProject
Global
	GlobalSection(SolutionConfigurationPlatforms) = preSolution
		Debug|Any CPU = Debug|Any CPU
		Release|Any CPU = Release|Any CPU
	EndGlobalSection
	GlobalSection(ProjectConfigurationPlatforms) = postSolution
		{3C768D0F-9FF6-4D2E-9B79-F00D21B1167A}.Debug|Any CPU.ActiveCfg = Debug|Any CPU
		{3C768D0F-9FF6-4D2E-9B79-F00D21B1167A}.Debug|Any CPU.Build.0 = Debug|Any CPU
		{3C768D0F-9FF6-4D2E-9B79-F00D21B1167A}.Release|Any CPU.ActiveCfg = Release|Any CPU
		{3C768D0F-9FF6-4D2E-9B79-F00D21B1167A}.Release|Any CPU.Build.0 = Release|Any CPU
		{10F1040F-830E-4C6A-8EB0-28BEDA8EE03C}.Debug|Any CPU.ActiveCfg = Debug|Any CPU
		{10F1040F-830E-4C6A-8EB0-28BEDA8EE03C}.Debug|Any CPU.Build.0 = Debug|Any CPU
		{10F1040F-830E-4C6A-8EB0-28BEDA8EE03C}.Release|Any CPU.ActiveCfg = Release|Any CPU
		{10F1040F-830E-4C6A-8EB0-28BEDA8EE03C}.Release|Any CPU.Build.0 = Release|Any CPU
		{EF2A8A6E-C331-4C73-9E44-09CB336F2108}.Debug|Any CPU.ActiveCfg = Debug|Any CPU
		{EF2A8A6E-C331-4C73-9E44-09CB336F2108}.Debug|Any CPU.Build.0 = Debug|Any CPU
		{EF2A8A6E-C331-4C73-9E44-09CB336F2108}.Release|Any CPU.ActiveCfg = Release|Any CPU
		{EF2A8A6E-C331-4C73-9E44-09CB336F2108}.Release|Any CPU.Build.0 = Release|Any CPU
		{2A901CE2-8DAB-494F-88BD-B31D10657F3B}.Debug|Any CPU.ActiveCfg = Debug|Any CPU
		{2A901CE2-8DAB-494F-88BD-B31D10657F3B}.Debug|Any CPU.Build.0 = Debug|Any CPU
		{2A901CE2-8DAB-494F-88BD-B31D10657F3B}.Release|Any CPU.ActiveCfg = Release|Any CPU
		{2A901CE2-8DAB-494F-88BD-B31D10657F3B}.Release|Any CPU.Build.0 = Release|Any CPU
		{545CBC0E-CA9D-4104-9FA4-FBAC03A0DE89}.Debug|Any CPU.ActiveCfg = Debug|Any CPU
		{545CBC0E-CA9D-4104-9FA4-FBAC03A0DE89}.Debug|Any CPU.Build.0 = Debug|Any CPU
		{545CBC0E-CA9D-4104-9FA4-FBAC03A0DE89}.Release|Any CPU.ActiveCfg = Release|Any CPU
		{545CBC0E-CA9D-4104-9FA4-FBAC03A0DE89}.Release|Any CPU.Build.0 = Release|Any CPU
	EndGlobalSection
	GlobalSection(SolutionProperties) = preSolution
		HideSolutionNode = FALSE
	EndGlobalSection
	GlobalSection(ExtensibilityGlobals) = postSolution
		SolutionGuid = {7582F98A-F67A-4B52-85AA-99F33819102A}
	EndGlobalSection
EndGlobal
